<?xml version="1.0" encoding="utf-8"?>
<Project ToolsVersion="4.0" xmlns="http://schemas.microsoft.com/developer/msbuild/2003">
  <ItemGroup>
    <ClCompile Include="ball.cpp">
      <Filter>來源檔案</Filter>
    </ClCompile>
    <ClCompile Include="block.cpp">
      <Filter>來源檔案</Filter>
    </ClCompile>
    <ClCompile Include="brick.cpp">
      <Filter>來源檔案</Filter>
    </ClCompile>
    <ClCompile Include="defaultButton.cpp">
      <Filter>來源檔案</Filter>
    </ClCompile>
    <ClCompile Include="defaultContainer.cpp">
      <Filter>來源檔案</Filter>
    </ClCompile>
    <ClCompile Include="define.cpp">
      <Filter>來源檔案</Filter>
    </ClCompile>
    <ClCompile Include="ellipse.cpp">
      <Filter>來源檔案</Filter>
    </ClCompile>
    <ClCompile Include="hud.cpp">
      <Filter>來源檔案</Filter>
    </ClCompile>
    <ClCompile Include="main.cpp">
      <Filter>來源檔案</Filter>
    </ClCompile>
    <ClCompile Include="movieClip.cpp">
      <Filter>來源檔案</Filter>
    </ClCompile>
    <ClCompile Include="obstacle.cpp">
      <Filter>來源檔案</Filter>
    </ClCompile>
    <ClCompile Include="particleSystem.cpp">
      <Filter>來源檔案</Filter>
    </ClCompile>
    <ClCompile Include="renderer.cpp">
      <Filter>來源檔案</Filter>
    </ClCompile>
    <ClCompile Include="UIComponent.cpp">
      <Filter>來源檔案</Filter>
    </ClCompile>
    <ClCompile Include="UIFactory.cpp">
      <Filter>來源檔案</Filter>
    </ClCompile>
    <ClCompile Include="player.cpp">
      <Filter>來源檔案</Filter>
    </ClCompile>
    <ClCompile Include="sprite.cpp">
      <Filter>來源檔案</Filter>
    </ClCompile>
    <ClCompile Include="defaultEvent.cpp">
      <Filter>來源檔案</Filter>
    </ClCompile>
    <ClCompile Include="rectangleShape.cpp">
      <Filter>來源檔案</Filter>
    </ClCompile>
    <ClCompile Include="audio.cpp">
      <Filter>來源檔案</Filter>
    </ClCompile>
    <ClCompile Include="eventDispatcher.cpp">
      <Filter>來源檔案</Filter>
    </ClCompile>
  </ItemGroup>
  <ItemGroup>
    <ClInclude Include="ball.h">
      <Filter>標頭檔</Filter>
    </ClInclude>
    <ClInclude Include="block.h">
      <Filter>標頭檔</Filter>
    </ClInclude>
    <ClInclude Include="brick.h">
      <Filter>標頭檔</Filter>
    </ClInclude>
    <ClInclude Include="button.h">
      <Filter>標頭檔</Filter>
    </ClInclude>
    <ClInclude Include="container.h">
      <Filter>標頭檔</Filter>
    </ClInclude>
    <ClInclude Include="defaultButton.h">
      <Filter>標頭檔</Filter>
    </ClInclude>
    <ClInclude Include="defaultContainer.h">
      <Filter>標頭檔</Filter>
    </ClInclude>
    <ClInclude Include="define.h">
      <Filter>標頭檔</Filter>
    </ClInclude>
    <ClInclude Include="ellipse.h">
      <Filter>標頭檔</Filter>
    </ClInclude>
    <ClInclude Include="hud.h">
      <Filter>標頭檔</Filter>
    </ClInclude>
    <ClInclude Include="movieClip.h">
      <Filter>標頭檔</Filter>
    </ClInclude>
    <ClInclude Include="obstacle.h">
      <Filter>標頭檔</Filter>
    </ClInclude>
    <ClInclude Include="particleSystem.h">
      <Filter>標頭檔</Filter>
    </ClInclude>
    <ClInclude Include="renderer.h">
      <Filter>標頭檔</Filter>
    </ClInclude>
    <ClInclude Include="UIComponent.h">
      <Filter>標頭檔</Filter>
    </ClInclude>
    <ClInclude Include="UIFactory.h">
      <Filter>標頭檔</Filter>
    </ClInclude>
    <ClInclude Include="resource.h">
      <Filter>標頭檔</Filter>
    </ClInclude>
    <ClInclude Include="player.h">
      <Filter>標頭檔</Filter>
    </ClInclude>
    <ClInclude Include="eventDispatcher.h">
      <Filter>標頭檔</Filter>
    </ClInclude>
    <ClInclude Include="sprite.h">
      <Filter>標頭檔</Filter>
    </ClInclude>
    <ClInclude Include="event.h">
      <Filter>標頭檔</Filter>
    </ClInclude>
    <ClInclude Include="defaultEvent.h">
      <Filter>標頭檔</Filter>
    </ClInclude>
    <ClInclude Include="rectangleShape.h">
      <Filter>標頭檔</Filter>
    </ClInclude>
    <ClInclude Include="main.h">
      <Filter>標頭檔</Filter>
    </ClInclude>
    <ClInclude Include="audio.h">
      <Filter>標頭檔</Filter>
    </ClInclude>
  </ItemGroup>
  <ItemGroup>
    <Filter Include="標頭檔">
      <UniqueIdentifier>{0b4dd412-8da2-4de3-9d6d-086d799d127c}</UniqueIdentifier>
    </Filter>
    <Filter Include="資源檔">
      <UniqueIdentifier>{54535d12-ef00-4bd3-8166-c015efa933a5}</UniqueIdentifier>
    </Filter>
    <Filter Include="來源檔案">
      <UniqueIdentifier>{35408483-1636-4a75-8285-7edc42a77a2a}</UniqueIdentifier>
    </Filter>
  </ItemGroup>
  <ItemGroup>
    <ResourceCompile Include="Resource.rc">
      <Filter>資源檔</Filter>
    </ResourceCompile>
  </ItemGroup>
  <ItemGroup>
    <None Include="ClassDiagram.cd" />
  </ItemGroup>
</Project>