<?xml version="1.0" encoding="utf-8"?>
<Project ToolsVersion="4.0" xmlns="http://schemas.microsoft.com/developer/msbuild/2003">
  <ItemGroup>
    <ClCompile Include="source\stuff\ball.cpp" />
    <ClCompile Include="source\interact\container.cpp" />
    <ClCompile Include="source\definition\utility.cpp" />
    <ClCompile Include="source\game.cpp" />
    <ClCompile Include="source\particleSystem.cpp" />
    <ClCompile Include="source\gameSys\skill\skillSystem.cpp" />
    <ClCompile Include="source\gameSys\skill\ballSkill.cpp" />
    <ClCompile Include="source\gameSys\skill\playerSkill.cpp" />
    <ClCompile Include="source\gameSys\skill\subPlayerSkill.cpp" />
    <ClCompile Include="source\gameSys\system.cpp" />
    <ClCompile Include="source\hud.cpp" />
    <ClCompile Include="source\interact\interactiveObject.cpp" />
    <ClCompile Include="source\main.cpp" />
    <ClCompile Include="source\manager\audioManager.cpp" />
    <ClCompile Include="source\manager\imageManager.cpp" />
    <ClCompile Include="source\manager\resourceManager.cpp" />
    <ClCompile Include="source\manager\textureManager.cpp" />
    <ClCompile Include="source\UI\movieClip.cpp" />
    <ClCompile Include="source\interact\circleShapeNode.cpp" />
    <ClCompile Include="source\interact\drawableNode.cpp" />
    <ClCompile Include="source\interact\rectangleShapeNode.cpp" />
    <ClCompile Include="source\interact\spriteNode.cpp" />
    <ClCompile Include="source\interact\vertexArrayNode.cpp" />
    <ClCompile Include="source\stuff\obstacle.cpp" />
    <ClCompile Include="source\stuff\player.cpp" />
    <ClCompile Include="source\UI\UIComponent.cpp" />
    <ClCompile Include="source\UI\button.cpp" />
    <ClCompile Include="source\UI\textButton.cpp" />
    <ClCompile Include="source\UI\textField.cpp" />
    <ClCompile Include="source\event\dispatchHelper.cpp" />
    <ClCompile Include="source\event\eventSubject.cpp" />
    <ClCompile Include="source\gameSys\effect\effectSystem.cpp" />
    <ClCompile Include="source\definition\gameState.cpp" />
    <ClCompile Include="source\event\UIEvent.cpp" />
    <ClCompile Include="source\event\joystick\joystickMovedEvent.cpp" />
    <ClCompile Include="source\event\sensor\sensorChangedEvent.cpp" />
    <ClCompile Include="source\event\text\textEnteredEvent.cpp" />
    <ClCompile Include="source\event\cancelable.cpp" />
    <ClCompile Include="source\event\mouse\mouseMovedEvent.cpp" />
    <ClCompile Include="source\event\mouse\mouseWheelScrolledEvent.cpp" />
    <ClCompile Include="source\event\mouse\mousePressedEvent.cpp" />
    <ClCompile Include="source\event\mouse\mouseReleasedEvent.cpp" />
    <ClCompile Include="source\event\keyboard\keyPressedEvent.cpp" />
    <ClCompile Include="source\event\keyboard\keyReleasedEvent.cpp" />
    <ClCompile Include="source\event\joystick\joystickPressedEvent.cpp" />
    <ClCompile Include="source\event\joystick\joystickReleasedEvent.cpp" />
    <ClCompile Include="source\event\joystick\joystickDIsconnectedEvent.cpp" />
    <ClCompile Include="source\event\joystick\joystickConnectedEvent.cpp" />
    <ClCompile Include="source\event\touch\touchBeganEvent.cpp" />
    <ClCompile Include="source\event\touch\touchMovedEvent.cpp" />
    <ClCompile Include="source\event\touch\touchEndedEvent.cpp" />
    <ClCompile Include="source\gameSys\skill\skillHandler.cpp" />
    <ClCompile Include="source\gameSys\bar\barSystem.cpp" />
    <ClCompile Include="source\gameSys\bar\rageBar.cpp" />
    <ClCompile Include="source\gameSys\bar\lifeBar.cpp" />
    <ClCompile Include="source\gameSys\AI\AISystem.cpp" />
    <ClCompile Include="source\gameSys\AI\boss.cpp" />
    <ClCompile Include="source\gameSys\effect\attribute.cpp" />
    <ClCompile Include="source\gameSys\effect\entireEffect.cpp" />
    <ClCompile Include="source\gameSys\skill\bossSkill.cpp" />
    <ClCompile Include="source\gameSys\effect\effect.cpp" />
    <ClCompile Include="source\gameSys\item\core.cpp" />
    <ClCompile Include="source\gameSys\item\chip.cpp" />
    <ClCompile Include="source\gameSys\item\enerma.cpp" />
    <ClCompile Include="source\gameSys\battle\battleSystem.cpp" />
    <ClCompile Include="source\stuff\subPlayer.cpp" />
    <ClCompile Include="source\stuff\component\block.cpp" />
    <ClCompile Include="source\stuff\component\mainBall.cpp" />
    <ClCompile Include="source\stuff\component\shadowBall.cpp" />
    <ClCompile Include="source\stuff\component\globular.cpp" />
    <ClCompile Include="source\stuff\wall.cpp" />
    <ClCompile Include="source\stuff\component\brick.cpp" />
    <ClCompile Include="source\gameSys\bar\energyBar.cpp" />
    <ClCompile Include="source\gameSys\level\level.cpp" />
    <ClCompile Include="source\gameSys\level\deploy.cpp" />
    <ClCompile Include="source\stage.cpp" />
    <ClCompile Include="source\root.cpp" />
    <ClCompile Include="source\gameSys\data\data.cpp" />
    <ClCompile Include="source\gameSys\level\area\arena.cpp" />
    <ClCompile Include="source\gameSys\level\area\zone.cpp" />
    <ClCompile Include="source\handler\mouseHandler.cpp" />
    <ClCompile Include="source\handler\keyboardHandler.cpp" />
    <ClCompile Include="source\handler\eventQueue.cpp" />
    <ClCompile Include="source\handler\windowHandler.cpp" />
    <ClCompile Include="source\handler\joystickHandler.cpp" />
    <ClCompile Include="source\handler\textHandler.cpp" />
    <ClCompile Include="source\handler\touchHandler.cpp" />
    <ClCompile Include="source\event\window\windowClosedEvent.cpp" />
    <ClCompile Include="source\event\window\windowResizedEvent.cpp" />
    <ClCompile Include="source\event\window\windowLostFocusEvent.cpp" />
    <ClCompile Include="source\event\window\windowGainedFocusEvent.cpp" />
    <ClCompile Include="source\event\game\gamePausedEvent.cpp" />
    <ClCompile Include="source\event\game\gameUnpausedEvent.cpp" />
    <ClCompile Include="source\event\game\gameStartedEvent.cpp" />
    <ClCompile Include="source\event\mouse\mouseEnteredEvent.cpp" />
    <ClCompile Include="source\event\mouse\mouseLeftEvent.cpp" />
    <ClCompile Include="source\graphics.cpp" />
    <ClCompile Include="source\definition\userSystem.cpp" />
  </ItemGroup>
  <ItemGroup>
    <ClInclude Include="source\stuff\ball.h" />
    <ClInclude Include="source\interact\container.h" />
    <ClInclude Include="source\definition\diagonalPoint.h" />
    <ClInclude Include="source\definition\intersects.h" />
    <ClInclude Include="source\definition\matrix.h" />
    <ClInclude Include="source\definition\utility.h" />
    <ClInclude Include="source\game.h" />
    <ClInclude Include="source\particleSystem.h" />
    <ClInclude Include="source\gameSys\skill\skillSystem.h" />
    <ClInclude Include="source\gameSys\skill\ballSkill.h" />
    <ClInclude Include="source\gameSys\skill\playerSkill.h" />
    <ClInclude Include="source\gameSys\skill\subPlayerSkill.h" />
    <ClInclude Include="source\gameSys\system.h" />
    <ClInclude Include="source\hud.h" />
    <ClInclude Include="source\interact\interactiveObject.h" />
    <ClInclude Include="source\manager\audioManager.h" />
    <ClInclude Include="source\manager\imageManager.h" />
    <ClInclude Include="source\manager\resourceManager.h" />
    <ClInclude Include="source\manager\textureManager.h" />
    <ClInclude Include="source\UI\movieClip.h" />
    <ClInclude Include="source\interact\circleShapeNode.h" />
    <ClInclude Include="source\interact\drawableNode.h" />
    <ClInclude Include="source\interact\rectangleShapeNode.h" />
    <ClInclude Include="source\interact\spriteNode.h" />
    <ClInclude Include="source\interact\vertexArrayNode.h" />
    <ClInclude Include="source\stuff\obstacle.h" />
    <ClInclude Include="source\stuff\player.h" />
    <ClInclude Include="source\UI\UIComponent.h" />
    <ClInclude Include="source\UI\button.h" />
    <ClInclude Include="source\UI\textButton.h" />
    <ClInclude Include="source\UI\textField.h" />
    <ClInclude Include="source\resource.h" />
    <ClInclude Include="source\event\dispatchHelper.h" />
    <ClInclude Include="source\event\eventPhase.h" />
    <ClInclude Include="source\event\eventSubject.h" />
    <ClInclude Include="source\common.h" />
    <ClInclude Include="source\gameSys\effect\effectSystem.h" />
    <ClInclude Include="source\definition\gameState.h" />
    <ClInclude Include="source\event\UIEvent.h" />
    <ClInclude Include="source\event\event.h" />
    <ClInclude Include="source\template\acyclicVisitable.h" />
    <ClInclude Include="source\template\isBaseOfTemplate.h" />
    <ClInclude Include="source\template\singleton.h" />
    <ClInclude Include="source\template\visitable.h" />
    <ClInclude Include="source\template\visitor.h" />
    <ClInclude Include="source\event\joystick\joystickMovedEvent.h" />
    <ClInclude Include="source\event\keyboard\keyEvent.h" />
    <ClInclude Include="source\event\sensor\sensorChangedEvent.h" />
    <ClInclude Include="source\event\text\textEnteredEvent.h" />
    <ClInclude Include="source\event\touch\touchEvent.h" />
    <ClInclude Include="source\event\joystick\joystickEvent.h" />
    <ClInclude Include="source\event\window\windowEvent.h" />
    <ClInclude Include="source\event\cancelable.h" />
    <ClInclude Include="source\event\mouse\mouseEnteredEvent.h" />
    <ClInclude Include="source\event\mouse\mouseEvent.h" />
    <ClInclude Include="source\event\mouse\mouseLeftEvent.h" />
    <ClInclude Include="source\event\mouse\mouseMovedEvent.h" />
    <ClInclude Include="source\event\mouse\mouseWheelScrolledEvent.h" />
    <ClInclude Include="source\event\mouse\mousePressedEvent.h" />
    <ClInclude Include="source\event\mouse\mouseReleasedEvent.h" />
    <ClInclude Include="source\event\keyboard\keyPressedEvent.h" />
    <ClInclude Include="source\event\keyboard\keyReleasedEvent.h" />
    <ClInclude Include="source\event\joystick\joystickPressedEvent.h" />
    <ClInclude Include="source\event\joystick\joystickReleasedEvent.h" />
    <ClInclude Include="source\event\joystick\joystickDIsconnectedEvent.h" />
    <ClInclude Include="source\event\joystick\joystickConnectedEvent.h" />
    <ClInclude Include="source\event\touch\touchBeganEvent.h" />
    <ClInclude Include="source\event\touch\touchMovedEvent.h" />
    <ClInclude Include="source\event\touch\touchEndedEvent.h" />
    <ClInclude Include="source\gameSys\skill\skillState.h" />
    <ClInclude Include="source\gameSys\skill\skillHandler.h" />
    <ClInclude Include="source\gameSys\bar\barSystem.h" />
    <ClInclude Include="source\gameSys\bar\rageBar.h" />
    <ClInclude Include="source\gameSys\skill\skillKind.h" />
    <ClInclude Include="source\gameSys\effect\effectKind.h" />
    <ClInclude Include="source\gameSys\bar\lifeBar.h" />
    <ClInclude Include="source\gameSys\AI\AISystem.h" />
    <ClInclude Include="source\gameSys\AI\boss.h" />
    <ClInclude Include="source\gameSys\effect\attribute.h" />
    <ClInclude Include="source\gameSys\effect\entireEffect.h" />
    <ClInclude Include="source\gameSys\skill\bossSkill.h" />
    <ClInclude Include="source\gameSys\effect\effect.h" />
    <ClInclude Include="source\gameSys\item\itemKind.h" />
    <ClInclude Include="source\gameSys\item\core.h" />
    <ClInclude Include="source\gameSys\item\chip.h" />
    <ClInclude Include="source\gameSys\item\enerma.h" />
    <ClInclude Include="source\gameSys\battle\battleSystem.h" />
    <ClInclude Include="source\event\eventType.h" />
    <ClInclude Include="source\singleton.h" />
    <ClInclude Include="source\stuff\subPlayer.h" />
    <ClInclude Include="source\stuff\component\block.h" />
    <ClInclude Include="source\stuff\component\mainBall.h" />
    <ClInclude Include="source\stuff\component\shadowBall.h" />
    <ClInclude Include="source\stuff\component\globular.h" />
    <ClInclude Include="source\stuff\wall.h" />
    <ClInclude Include="source\stuff\component\brick.h" />
    <ClInclude Include="source\event\eventType.h" />
    <ClInclude Include="source\singleton.h" />
    <ClInclude Include="source\event\eventSlot.h" />
    <ClInclude Include="source\event\eventListener.h" />
    <ClInclude Include="source\event\eventListenerBase.h" />
    <ClInclude Include="source\event\window\windowListener.h" />
    <ClInclude Include="source\gameSys\bar\energyBar.h" />
    <ClInclude Include="source\gameSys\level\level.h" />
    <ClInclude Include="source\gameSys\level\deploy.h" />
    <ClInclude Include="source\stage.h" />
    <ClInclude Include="source\root.h" />
    <ClInclude Include="source\gameSys\data\data.h" />
    <ClInclude Include="source\stuff\stuff.h" />
    <ClInclude Include="source\gameSys\level\area\arena.h" />
    <ClInclude Include="source\gameSys\level\area\zone.h" />
    <ClInclude Include="source\handler\mouseHandler.h" />
    <ClInclude Include="source\handler\keyboardHandler.h" />
    <ClInclude Include="source\handler\eventQueue.h" />
    <ClInclude Include="source\handler\windowHandler.h" />
    <ClInclude Include="source\handler\joystickHandler.h" />
    <ClInclude Include="source\handler\textHandler.h" />
    <ClInclude Include="source\handler\touchHandler.h" />
    <ClInclude Include="source\event\text\textEvent.h" />
    <ClInclude Include="source\event\game\gameEvent.h" />
    <ClInclude Include="source\event\game\gamePausedEvent.h" />
    <ClInclude Include="source\event\game\gameStartedEvent.h" />
    <ClInclude Include="source\event\game\gameUnpausedEvent.h" />
    <ClInclude Include="source\event\window\windowResizedEvent.h" />
    <ClInclude Include="source\event\window\windowLostFocusEvent.h" />
    <ClInclude Include="source\event\window\windowGainedFocusEvent.h" />
    <ClInclude Include="source\event\window\windowClosedEvent.h" />
    <ClInclude Include="source\event\sensor\sensorEvent.h" />
    <ClInclude Include="source\graphics.h" />
    <ClInclude Include="source\definition\userSystem.h" />
  </ItemGroup>
  <ItemGroup>
    <None Include="source\definition\matrix.inl" />
    <None Include="source\definition\diagonalPoint.inl" />
  </ItemGroup>
  <ItemGroup>
    <ResourceCompile Include="source\Resource.rc" />
  </ItemGroup>
</Project>